
Microsoft Visual Studio Solution File, Format Version 12.00
# Visual Studio Version 16
VisualStudioVersion = 16.0.33214.272
MinimumVisualStudioVersion = 10.0.40219.1
Project("{FAE04EC0-301F-11D3-BF4B-00C04F79EFBC}") = "CIMB_trial", "CIMB_trial\CIMB_trial.csproj", "{79DBDDCC-E91A-4DB2-AC96-F5AF7745E7EB}"
EndProject
Global
	GlobalSection(SolutionConfigurationPlatforms) = preSolution
		Debug|Any CPU = Debug|Any CPU
		Release|Any CPU = Release|Any CPU
	EndGlobalSection
	GlobalSection(ProjectConfigurationPlatforms) = postSolution
		{79DBDDCC-E91A-4DB2-AC96-F5AF7745E7EB}.Debug|Any CPU.ActiveCfg = Debug|Any CPU
		{79DBDDCC-E91A-4DB2-AC96-F5AF7745E7EB}.Debug|Any CPU.Build.0 = Debug|Any CPU
		{79DBDDCC-E91A-4DB2-AC96-F5AF7745E7EB}.Release|Any CPU.ActiveCfg = Release|Any CPU
		{79DBDDCC-E91A-4DB2-AC96-F5AF7745E7EB}.Release|Any CPU.Build.0 = Release|Any CPU
	EndGlobalSection
	GlobalSection(SolutionProperties) = preSolution
		HideSolutionNode = FALSE
	EndGlobalSection
	GlobalSection(ExtensibilityGlobals) = postSolution
		SolutionGuid = {BD5950D8-5C70-4CE2-8978-33DE5A8CB31B}
	EndGlobalSection
EndGlobal
